
Microsoft Visual Studio Solution File, Format Version 12.00
# Visual Studio Version 17
VisualStudioVersion = 17.3.32929.385
MinimumVisualStudioVersion = 10.0.40219.1
Project("{2150E333-8FDC-42A3-9474-1A3956D46DE8}") = "1 - Application", "1 - Application", "{A844DF41-CBF9-4FE2-8100-1F380ABA8F11}"
EndProject
Project("{2150E333-8FDC-42A3-9474-1A3956D46DE8}") = "2 - Domain", "2 - Domain", "{BC0EDE8B-CABB-45D3-AA44-053216ED2FE4}"
EndProject
Project("{2150E333-8FDC-42A3-9474-1A3956D46DE8}") = "3 - Service", "3 - Service", "{8008258C-5436-4D1E-937F-B929A03E48A4}"
EndProject
Project("{2150E333-8FDC-42A3-9474-1A3956D46DE8}") = "Web", "Web", "{49368DAE-0A99-434D-B2E3-CA42B6FD9648}"
EndProject
Project("{2150E333-8FDC-42A3-9474-1A3956D46DE8}") = "Core", "Core", "{3F186855-B9F3-4F19-AFCE-BEAE4B289F7F}"
EndProject
Project("{2150E333-8FDC-42A3-9474-1A3956D46DE8}") = "Services", "Services", "{6D7B0710-7B9A-4F9A-BE58-FF14AB79D20F}"
EndProject
Project("{2150E333-8FDC-42A3-9474-1A3956D46DE8}") = "Categoria", "Categoria", "{09CDCA28-57FF-4A26-A336-A24F5FABEAA9}"
EndProject
Project("{2150E333-8FDC-42A3-9474-1A3956D46DE8}") = "Cliente", "Cliente", "{A3A293DD-7B23-4627-AF7C-86748869B54E}"
EndProject
Project("{2150E333-8FDC-42A3-9474-1A3956D46DE8}") = "Identidade", "Identidade", "{5ADF58AB-749B-4542-B4EF-5FD6A927394E}"
EndProject
Project("{2150E333-8FDC-42A3-9474-1A3956D46DE8}") = "Produto", "Produto", "{A806EA1D-CA79-495B-877D-5AAF9B81DB66}"
EndProject
Project("{2150E333-8FDC-42A3-9474-1A3956D46DE8}") = "Leilao", "Leilao", "{58FA9B16-4D57-4A76-8025-AC42234B8C50}"
EndProject
Project("{2150E333-8FDC-42A3-9474-1A3956D46DE8}") = "Lance", "Lance", "{5F07F8F9-EE2A-4D1D-8180-559BBA0B1D8E}"
EndProject
Project("{2150E333-8FDC-42A3-9474-1A3956D46DE8}") = "Documento", "Documento", "{B24B7283-7023-4FAC-9E81-B187D9FA21B4}"
EndProject
Project("{9A19103F-16F7-4668-BE54-9A1E7A4F7556}") = "Leilao.CategoriaAPi", "src\Leilão.Service\Services\Leilao.CategoriaAPi\Leilao.CategoriaAPi.csproj", "{4F8C5746-6DDD-4281-81F4-813DCFD39C52}"
EndProject
Project("{9A19103F-16F7-4668-BE54-9A1E7A4F7556}") = "Leilao.ClienteApi", "src\Leilão.Service\Services\Leilao.ClienteApi\Leilao.ClienteApi.csproj", "{E6291B24-9708-4256-BDA1-4ABA566E7021}"
EndProject
Project("{9A19103F-16F7-4668-BE54-9A1E7A4F7556}") = "Leilao.IdentidadeApi", "src\Leilão.Service\Services\Leilao.IdentidadeApi\Leilao.IdentidadeApi.csproj", "{5CE3CBDA-224A-4BDB-8BDB-18ACD261131E}"
EndProject
Project("{9A19103F-16F7-4668-BE54-9A1E7A4F7556}") = "Leilao.WebApp.Mvc", "src\Leilão.Application\Mvc\Leilao.WebApp.Mvc\Leilao.WebApp.Mvc\Leilao.WebApp.Mvc.csproj", "{B6CFBDDC-65A4-4281-8E1E-C75B8A2A5FA6}"
EndProject
Project("{9A19103F-16F7-4668-BE54-9A1E7A4F7556}") = "MV", "src\Leilão.Application\Mvc\MV\MV.csproj", "{5E36241F-F9F2-4DE6-BD11-BA301E9CE468}"
EndProject
Project("{9A19103F-16F7-4668-BE54-9A1E7A4F7556}") = "Leilão.DocumentoApi", "src\Leilão.Service\Services\Leilão.DocumentoApi\Leilão.DocumentoApi.csproj", "{6D8B99D2-AD74-43A6-9444-87FBD42FC67A}"
EndProject
Project("{9A19103F-16F7-4668-BE54-9A1E7A4F7556}") = "Leilão.LanceApi", "src\Leilão.Service\Services\Leilão.LanceApi\Leilão.LanceApi.csproj", "{72397598-D62F-40A7-BB8C-D0077B3D0AD4}"
EndProject
Project("{9A19103F-16F7-4668-BE54-9A1E7A4F7556}") = "Leilão.LeilãoApi", "src\Leilão.Service\Services\Leilão.LeilãoApi\Leilão.LeilãoApi.csproj", "{124C5604-CDB4-499D-B6D5-FA576B13C486}"
EndProject
Project("{9A19103F-16F7-4668-BE54-9A1E7A4F7556}") = "Leilão.Produto.Api", "src\Leilão.Service\Services\Produto\Leilão.ProdutoApi\Leilão.Produto.Api.csproj", "{F6B9D640-A8CA-48CA-B406-999C06F5256E}"
EndProject
Project("{9A19103F-16F7-4668-BE54-9A1E7A4F7556}") = "Intefaces", "src\Leilão.Domain\Intefaces\Intefaces.csproj", "{B28FE514-61D5-47FE-BA80-05B2DA52DF39}"
EndProject
Project("{9A19103F-16F7-4668-BE54-9A1E7A4F7556}") = "Entity", "ClassLibrary1\Entity.csproj", "{6705C7CF-3D83-4812-AEC7-CF1809F8D327}"
EndProject
Global
	GlobalSection(SolutionConfigurationPlatforms) = preSolution
		Debug|Any CPU = Debug|Any CPU
		Release|Any CPU = Release|Any CPU
	EndGlobalSection
	GlobalSection(ProjectConfigurationPlatforms) = postSolution
		{4F8C5746-6DDD-4281-81F4-813DCFD39C52}.Debug|Any CPU.ActiveCfg = Debug|Any CPU
		{4F8C5746-6DDD-4281-81F4-813DCFD39C52}.Debug|Any CPU.Build.0 = Debug|Any CPU
		{4F8C5746-6DDD-4281-81F4-813DCFD39C52}.Release|Any CPU.ActiveCfg = Release|Any CPU
		{4F8C5746-6DDD-4281-81F4-813DCFD39C52}.Release|Any CPU.Build.0 = Release|Any CPU
		{E6291B24-9708-4256-BDA1-4ABA566E7021}.Debug|Any CPU.ActiveCfg = Debug|Any CPU
		{E6291B24-9708-4256-BDA1-4ABA566E7021}.Debug|Any CPU.Build.0 = Debug|Any CPU
		{E6291B24-9708-4256-BDA1-4ABA566E7021}.Release|Any CPU.ActiveCfg = Release|Any CPU
		{E6291B24-9708-4256-BDA1-4ABA566E7021}.Release|Any CPU.Build.0 = Release|Any CPU
		{5CE3CBDA-224A-4BDB-8BDB-18ACD261131E}.Debug|Any CPU.ActiveCfg = Debug|Any CPU
		{5CE3CBDA-224A-4BDB-8BDB-18ACD261131E}.Debug|Any CPU.Build.0 = Debug|Any CPU
		{5CE3CBDA-224A-4BDB-8BDB-18ACD261131E}.Release|Any CPU.ActiveCfg = Release|Any CPU
		{5CE3CBDA-224A-4BDB-8BDB-18ACD261131E}.Release|Any CPU.Build.0 = Release|Any CPU
		{B6CFBDDC-65A4-4281-8E1E-C75B8A2A5FA6}.Debug|Any CPU.ActiveCfg = Debug|Any CPU
		{B6CFBDDC-65A4-4281-8E1E-C75B8A2A5FA6}.Debug|Any CPU.Build.0 = Debug|Any CPU
		{B6CFBDDC-65A4-4281-8E1E-C75B8A2A5FA6}.Release|Any CPU.ActiveCfg = Release|Any CPU
		{B6CFBDDC-65A4-4281-8E1E-C75B8A2A5FA6}.Release|Any CPU.Build.0 = Release|Any CPU
		{5E36241F-F9F2-4DE6-BD11-BA301E9CE468}.Debug|Any CPU.ActiveCfg = Debug|Any CPU
		{5E36241F-F9F2-4DE6-BD11-BA301E9CE468}.Debug|Any CPU.Build.0 = Debug|Any CPU
		{5E36241F-F9F2-4DE6-BD11-BA301E9CE468}.Release|Any CPU.ActiveCfg = Release|Any CPU
		{5E36241F-F9F2-4DE6-BD11-BA301E9CE468}.Release|Any CPU.Build.0 = Release|Any CPU
		{6D8B99D2-AD74-43A6-9444-87FBD42FC67A}.Debug|Any CPU.ActiveCfg = Debug|Any CPU
		{6D8B99D2-AD74-43A6-9444-87FBD42FC67A}.Debug|Any CPU.Build.0 = Debug|Any CPU
		{6D8B99D2-AD74-43A6-9444-87FBD42FC67A}.Release|Any CPU.ActiveCfg = Release|Any CPU
		{6D8B99D2-AD74-43A6-9444-87FBD42FC67A}.Release|Any CPU.Build.0 = Release|Any CPU
		{72397598-D62F-40A7-BB8C-D0077B3D0AD4}.Debug|Any CPU.ActiveCfg = Debug|Any CPU
		{72397598-D62F-40A7-BB8C-D0077B3D0AD4}.Debug|Any CPU.Build.0 = Debug|Any CPU
		{72397598-D62F-40A7-BB8C-D0077B3D0AD4}.Release|Any CPU.ActiveCfg = Release|Any CPU
		{72397598-D62F-40A7-BB8C-D0077B3D0AD4}.Release|Any CPU.Build.0 = Release|Any CPU
		{124C5604-CDB4-499D-B6D5-FA576B13C486}.Debug|Any CPU.ActiveCfg = Debug|Any CPU
		{124C5604-CDB4-499D-B6D5-FA576B13C486}.Debug|Any CPU.Build.0 = Debug|Any CPU
		{124C5604-CDB4-499D-B6D5-FA576B13C486}.Release|Any CPU.ActiveCfg = Release|Any CPU
		{124C5604-CDB4-499D-B6D5-FA576B13C486}.Release|Any CPU.Build.0 = Release|Any CPU
		{F6B9D640-A8CA-48CA-B406-999C06F5256E}.Debug|Any CPU.ActiveCfg = Debug|Any CPU
		{F6B9D640-A8CA-48CA-B406-999C06F5256E}.Debug|Any CPU.Build.0 = Debug|Any CPU
		{F6B9D640-A8CA-48CA-B406-999C06F5256E}.Release|Any CPU.ActiveCfg = Release|Any CPU
		{F6B9D640-A8CA-48CA-B406-999C06F5256E}.Release|Any CPU.Build.0 = Release|Any CPU
		{B28FE514-61D5-47FE-BA80-05B2DA52DF39}.Debug|Any CPU.ActiveCfg = Debug|Any CPU
		{B28FE514-61D5-47FE-BA80-05B2DA52DF39}.Debug|Any CPU.Build.0 = Debug|Any CPU
		{B28FE514-61D5-47FE-BA80-05B2DA52DF39}.Release|Any CPU.ActiveCfg = Release|Any CPU
		{B28FE514-61D5-47FE-BA80-05B2DA52DF39}.Release|Any CPU.Build.0 = Release|Any CPU
		{6705C7CF-3D83-4812-AEC7-CF1809F8D327}.Debug|Any CPU.ActiveCfg = Debug|Any CPU
		{6705C7CF-3D83-4812-AEC7-CF1809F8D327}.Debug|Any CPU.Build.0 = Debug|Any CPU
		{6705C7CF-3D83-4812-AEC7-CF1809F8D327}.Release|Any CPU.ActiveCfg = Release|Any CPU
		{6705C7CF-3D83-4812-AEC7-CF1809F8D327}.Release|Any CPU.Build.0 = Release|Any CPU
	EndGlobalSection
	GlobalSection(SolutionProperties) = preSolution
		HideSolutionNode = FALSE
	EndGlobalSection
	GlobalSection(NestedProjects) = preSolution
		{49368DAE-0A99-434D-B2E3-CA42B6FD9648} = {A844DF41-CBF9-4FE2-8100-1F380ABA8F11}
		{3F186855-B9F3-4F19-AFCE-BEAE4B289F7F} = {BC0EDE8B-CABB-45D3-AA44-053216ED2FE4}
		{6D7B0710-7B9A-4F9A-BE58-FF14AB79D20F} = {8008258C-5436-4D1E-937F-B929A03E48A4}
		{09CDCA28-57FF-4A26-A336-A24F5FABEAA9} = {6D7B0710-7B9A-4F9A-BE58-FF14AB79D20F}
		{A3A293DD-7B23-4627-AF7C-86748869B54E} = {6D7B0710-7B9A-4F9A-BE58-FF14AB79D20F}
		{5ADF58AB-749B-4542-B4EF-5FD6A927394E} = {6D7B0710-7B9A-4F9A-BE58-FF14AB79D20F}
		{A806EA1D-CA79-495B-877D-5AAF9B81DB66} = {6D7B0710-7B9A-4F9A-BE58-FF14AB79D20F}
		{58FA9B16-4D57-4A76-8025-AC42234B8C50} = {6D7B0710-7B9A-4F9A-BE58-FF14AB79D20F}
		{5F07F8F9-EE2A-4D1D-8180-559BBA0B1D8E} = {6D7B0710-7B9A-4F9A-BE58-FF14AB79D20F}
		{B24B7283-7023-4FAC-9E81-B187D9FA21B4} = {6D7B0710-7B9A-4F9A-BE58-FF14AB79D20F}
		{4F8C5746-6DDD-4281-81F4-813DCFD39C52} = {09CDCA28-57FF-4A26-A336-A24F5FABEAA9}
		{E6291B24-9708-4256-BDA1-4ABA566E7021} = {A3A293DD-7B23-4627-AF7C-86748869B54E}
		{5CE3CBDA-224A-4BDB-8BDB-18ACD261131E} = {5ADF58AB-749B-4542-B4EF-5FD6A927394E}
		{B6CFBDDC-65A4-4281-8E1E-C75B8A2A5FA6} = {49368DAE-0A99-434D-B2E3-CA42B6FD9648}
		{5E36241F-F9F2-4DE6-BD11-BA301E9CE468} = {49368DAE-0A99-434D-B2E3-CA42B6FD9648}
		{6D8B99D2-AD74-43A6-9444-87FBD42FC67A} = {B24B7283-7023-4FAC-9E81-B187D9FA21B4}
		{72397598-D62F-40A7-BB8C-D0077B3D0AD4} = {5F07F8F9-EE2A-4D1D-8180-559BBA0B1D8E}
		{124C5604-CDB4-499D-B6D5-FA576B13C486} = {58FA9B16-4D57-4A76-8025-AC42234B8C50}
		{F6B9D640-A8CA-48CA-B406-999C06F5256E} = {A806EA1D-CA79-495B-877D-5AAF9B81DB66}
		{B28FE514-61D5-47FE-BA80-05B2DA52DF39} = {3F186855-B9F3-4F19-AFCE-BEAE4B289F7F}
		{6705C7CF-3D83-4812-AEC7-CF1809F8D327} = {3F186855-B9F3-4F19-AFCE-BEAE4B289F7F}
	EndGlobalSection
	GlobalSection(ExtensibilityGlobals) = postSolution
		SolutionGuid = {67FD519E-5DE4-48FF-9334-BB93055C8BFF}
	EndGlobalSection
EndGlobal
